// !$*UTF8*$!
{
	archiveVersion = 1;
	classes = {
	};
	objectVersion = 56;
	objects = {

/* Begin PBXBuildFile section */
		CF1A016C296746C100472A68 /* Launch Screen.storyboard in Resources */ = {isa = PBXBuildFile; fileRef = CF1A016B296746C100472A68 /* Launch Screen.storyboard */; };
		CF1A01C02968D3E000472A68 /* Localizable.strings in Resources */ = {isa = PBXBuildFile; fileRef = CF1A016F2968D3E000472A68 /* Localizable.strings */; };
		CF1A01C12968D3E000472A68 /* Locale+24Hour.swift in Sources */ = {isa = PBXBuildFile; fileRef = CF1A019A2968D3E000472A68 /* Locale+24Hour.swift */; };
		CF1A01C22968D3E000472A68 /* Value+Clamped.swift in Sources */ = {isa = PBXBuildFile; fileRef = CF1A019B2968D3E000472A68 /* Value+Clamped.swift */; };
		CF1A01C32968D3E000472A68 /* Array+Shift.swift in Sources */ = {isa = PBXBuildFile; fileRef = CF1A019C2968D3E000472A68 /* Array+Shift.swift */; };
		CF1A01C42968D3E000472A68 /* View+StackView.swift in Sources */ = {isa = PBXBuildFile; fileRef = CF1A019D2968D3E000472A68 /* View+StackView.swift */; };
		CF1A01C52968D3E000472A68 /* Date+DateOnly.swift in Sources */ = {isa = PBXBuildFile; fileRef = CF1A019E2968D3E000472A68 /* Date+DateOnly.swift */; };
		CF1A01C62968D3E000472A68 /* UIColor+SystemColors.swift in Sources */ = {isa = PBXBuildFile; fileRef = CF1A019F2968D3E000472A68 /* UIColor+SystemColors.swift */; };
		CF1A01C72968D3E000472A68 /* Localization.swift in Sources */ = {isa = PBXBuildFile; fileRef = CF1A01A02968D3E000472A68 /* Localization.swift */; };
		CF1A01C82968D3E000472A68 /* ReusePool.swift in Sources */ = {isa = PBXBuildFile; fileRef = CF1A01A22968D3E000472A68 /* ReusePool.swift */; };
		CF1A01C92968D3E000472A68 /* EventView.swift in Sources */ = {isa = PBXBuildFile; fileRef = CF1A01A32968D3E000472A68 /* EventView.swift */; };
		CF1A01CA2968D3E000472A68 /* Event.swift in Sources */ = {isa = PBXBuildFile; fileRef = CF1A01A42968D3E000472A68 /* Event.swift */; };
		CF1A01CB2968D3E000472A68 /* AllDayView.swift in Sources */ = {isa = PBXBuildFile; fileRef = CF1A01A52968D3E000472A68 /* AllDayView.swift */; };
		CF1A01CC2968D3E000472A68 /* TimelineContainer.swift in Sources */ = {isa = PBXBuildFile; fileRef = CF1A01A62968D3E000472A68 /* TimelineContainer.swift */; };
		CF1A01CD2968D3E000472A68 /* TimeStringsFactory.swift in Sources */ = {isa = PBXBuildFile; fileRef = CF1A01A72968D3E000472A68 /* TimeStringsFactory.swift */; };
		CF1A01CE2968D3E000472A68 /* EventDescriptor.swift in Sources */ = {isa = PBXBuildFile; fileRef = CF1A01A82968D3E000472A68 /* EventDescriptor.swift */; };
		CF1A01CF2968D3E000472A68 /* TimelinePagerView.swift in Sources */ = {isa = PBXBuildFile; fileRef = CF1A01A92968D3E000472A68 /* TimelinePagerView.swift */; };
		CF1A01D02968D3E000472A68 /* CurrentTimeIndicator.swift in Sources */ = {isa = PBXBuildFile; fileRef = CF1A01AA2968D3E000472A68 /* CurrentTimeIndicator.swift */; };
		CF1A01D12968D3E000472A68 /* TimelineContainerController.swift in Sources */ = {isa = PBXBuildFile; fileRef = CF1A01AB2968D3E000472A68 /* TimelineContainerController.swift */; };
		CF1A01D22968D3E000472A68 /* TimelineView.swift in Sources */ = {isa = PBXBuildFile; fileRef = CF1A01AC2968D3E000472A68 /* TimelineView.swift */; };
		CF1A01D32968D3E000472A68 /* EventEditingSnappingBehavior.swift in Sources */ = {isa = PBXBuildFile; fileRef = CF1A01AD2968D3E000472A68 /* EventEditingSnappingBehavior.swift */; };
		CF1A01D42968D3E000472A68 /* EventResizeHandleView.swift in Sources */ = {isa = PBXBuildFile; fileRef = CF1A01AE2968D3E000472A68 /* EventResizeHandleView.swift */; };
		CF1A01D52968D3E000472A68 /* EventLayoutAttributes.swift in Sources */ = {isa = PBXBuildFile; fileRef = CF1A01AF2968D3E000472A68 /* EventLayoutAttributes.swift */; };
		CF1A01D62968D3E000472A68 /* SnapTo15MinuteIntervals.swift in Sources */ = {isa = PBXBuildFile; fileRef = CF1A01B02968D3E000472A68 /* SnapTo15MinuteIntervals.swift */; };
		CF1A01D72968D3E000472A68 /* EventResizeHandleDotView.swift in Sources */ = {isa = PBXBuildFile; fileRef = CF1A01B12968D3E000472A68 /* EventResizeHandleDotView.swift */; };
		CF1A01D82968D3E000472A68 /* DayViewState.swift in Sources */ = {isa = PBXBuildFile; fileRef = CF1A01B22968D3E000472A68 /* DayViewState.swift */; };
		CF1A01D92968D3E000472A68 /* EventDataSource.swift in Sources */ = {isa = PBXBuildFile; fileRef = CF1A01B32968D3E000472A68 /* EventDataSource.swift */; };
		CF1A01DA2968D3E000472A68 /* DayView.swift in Sources */ = {isa = PBXBuildFile; fileRef = CF1A01B42968D3E000472A68 /* DayView.swift */; };
		CF1A01DB2968D3E000472A68 /* CalendarStyle.swift in Sources */ = {isa = PBXBuildFile; fileRef = CF1A01B52968D3E000472A68 /* CalendarStyle.swift */; };
		CF1A01DC2968D3E000472A68 /* DayViewController.swift in Sources */ = {isa = PBXBuildFile; fileRef = CF1A01B62968D3E000472A68 /* DayViewController.swift */; };
		CF1A01DD2968D3E000472A68 /* DayHeaderView.swift in Sources */ = {isa = PBXBuildFile; fileRef = CF1A01B82968D3E000472A68 /* DayHeaderView.swift */; };
		CF1A01DE2968D3E000472A68 /* SwipeLabelView.swift in Sources */ = {isa = PBXBuildFile; fileRef = CF1A01B92968D3E000472A68 /* SwipeLabelView.swift */; };
		CF1A01DF2968D3E000472A68 /* DayDateCell.swift in Sources */ = {isa = PBXBuildFile; fileRef = CF1A01BB2968D3E000472A68 /* DayDateCell.swift */; };
		CF1A01E02968D3E000472A68 /* DaySelectorController.swift in Sources */ = {isa = PBXBuildFile; fileRef = CF1A01BC2968D3E000472A68 /* DaySelectorController.swift */; };
		CF1A01E12968D3E000472A68 /* DateLabel.swift in Sources */ = {isa = PBXBuildFile; fileRef = CF1A01BD2968D3E000472A68 /* DateLabel.swift */; };
		CF1A01E22968D3E000472A68 /* DaySelector.swift in Sources */ = {isa = PBXBuildFile; fileRef = CF1A01BE2968D3E000472A68 /* DaySelector.swift */; };
		CF1A01E32968D3E000472A68 /* DaySymbolsView.swift in Sources */ = {isa = PBXBuildFile; fileRef = CF1A01BF2968D3E000472A68 /* DaySymbolsView.swift */; };
		CF33A531294A3BBD0007ADE1 /* CurrencyFormatter in Frameworks */ = {isa = PBXBuildFile; productRef = CF33A530294A3BBD0007ADE1 /* CurrencyFormatter */; };
		CF33A533294A3BBD0007ADE1 /* CurrencyText in Frameworks */ = {isa = PBXBuildFile; productRef = CF33A532294A3BBD0007ADE1 /* CurrencyText */; };
		CF33A535294A3BBD0007ADE1 /* CurrencyTextSwiftUI in Frameworks */ = {isa = PBXBuildFile; productRef = CF33A534294A3BBD0007ADE1 /* CurrencyTextSwiftUI */; };
		CF33A53D295375DD0007ADE1 /* AppointmentsDayTimelineViewController.swift in Sources */ = {isa = PBXBuildFile; fileRef = CF33A53C295375DD0007ADE1 /* AppointmentsDayTimelineViewController.swift */; };
		CF33A540295376D70007ADE1 /* AppointmentsDayTimelineBridgeView.swift in Sources */ = {isa = PBXBuildFile; fileRef = CF33A53F295376D70007ADE1 /* AppointmentsDayTimelineBridgeView.swift */; };
		CF33A543295A19FD0007ADE1 /* AppointmentDetailView.swift in Sources */ = {isa = PBXBuildFile; fileRef = CF33A542295A19FD0007ADE1 /* AppointmentDetailView.swift */; };
		CF33A545295A33E90007ADE1 /* MainTabBarView.swift in Sources */ = {isa = PBXBuildFile; fileRef = CF33A544295A33E90007ADE1 /* MainTabBarView.swift */; };
		CF5B8664297B086D00FE283E /* SwiftPieChart in Frameworks */ = {isa = PBXBuildFile; productRef = CF5B8663297B086D00FE283E /* SwiftPieChart */; };
		CF5B86682980643300FE283E /* MonthFinancialView.swift in Sources */ = {isa = PBXBuildFile; fileRef = CF5B86672980643300FE283E /* MonthFinancialView.swift */; };
		CF5B866A298967BB00FE283E /* AppointmentType.swift in Sources */ = {isa = PBXBuildFile; fileRef = CF5B8669298967BB00FE283E /* AppointmentType.swift */; };
		CF5B866D298969B800FE283E /* PersonalAppointmentView.swift in Sources */ = {isa = PBXBuildFile; fileRef = CF5B866C298969B800FE283E /* PersonalAppointmentView.swift */; };
		CF7448D4296B69C10047EF36 /* Appointment.swift in Sources */ = {isa = PBXBuildFile; fileRef = CF7448D3296B69C10047EF36 /* Appointment.swift */; };
		CF7EF85D29391FF700D1F237 /* ServiceDetailView.swift in Sources */ = {isa = PBXBuildFile; fileRef = CF7EF85C29391FF700D1F237 /* ServiceDetailView.swift */; };
		CF7EF860293927D200D1F237 /* ServiceDuration.swift in Sources */ = {isa = PBXBuildFile; fileRef = CF7EF85F293927D200D1F237 /* ServiceDuration.swift */; };
		CFF78DD8295F516D00493FB3 /* NewAppointmentView.swift in Sources */ = {isa = PBXBuildFile; fileRef = CFF78DD7295F516D00493FB3 /* NewAppointmentView.swift */; };
		CFF78DDB295F570000493FB3 /* PaymentType.swift in Sources */ = {isa = PBXBuildFile; fileRef = CFF78DDA295F570000493FB3 /* PaymentType.swift */; };
		CFF78DDF2960B13900493FB3 /* ColorExtension.swift in Sources */ = {isa = PBXBuildFile; fileRef = CFF78DDE2960B13900493FB3 /* ColorExtension.swift */; };
		CFFE16B8292D03A50030DD1D /* BeauttieeApp.swift in Sources */ = {isa = PBXBuildFile; fileRef = CFFE16B7292D03A50030DD1D /* BeauttieeApp.swift */; };
		CFFE16BC292D03A50030DD1D /* Assets.xcassets in Resources */ = {isa = PBXBuildFile; fileRef = CFFE16BB292D03A50030DD1D /* Assets.xcassets */; };
		CFFE16BF292D03A50030DD1D /* Preview Assets.xcassets in Resources */ = {isa = PBXBuildFile; fileRef = CFFE16BE292D03A50030DD1D /* Preview Assets.xcassets */; };
		CFFE16C1292D03A50030DD1D /* Persistence.swift in Sources */ = {isa = PBXBuildFile; fileRef = CFFE16C0292D03A50030DD1D /* Persistence.swift */; };
		CFFE16C4292D03A50030DD1D /* Beauttiee.xcdatamodeld in Sources */ = {isa = PBXBuildFile; fileRef = CFFE16C2292D03A50030DD1D /* Beauttiee.xcdatamodeld */; };
		CFFE16CE292D03A60030DD1D /* BeauttieeTests.swift in Sources */ = {isa = PBXBuildFile; fileRef = CFFE16CD292D03A60030DD1D /* BeauttieeTests.swift */; };
		CFFE16D8292D03A60030DD1D /* BeauttieeUITests.swift in Sources */ = {isa = PBXBuildFile; fileRef = CFFE16D7292D03A60030DD1D /* BeauttieeUITests.swift */; };
		CFFE16DA292D03A60030DD1D /* BeauttieeUITestsLaunchTests.swift in Sources */ = {isa = PBXBuildFile; fileRef = CFFE16D9292D03A60030DD1D /* BeauttieeUITestsLaunchTests.swift */; };
		CFFE16EA292D342B0030DD1D /* ServicesView.swift in Sources */ = {isa = PBXBuildFile; fileRef = CFFE16E9292D342B0030DD1D /* ServicesView.swift */; };
		CFFE16ED292D6D8C0030DD1D /* EmptyViewModifier.swift in Sources */ = {isa = PBXBuildFile; fileRef = CFFE16EC292D6D8C0030DD1D /* EmptyViewModifier.swift */; };
		CFFE16F0292D6E130030DD1D /* ViewExtension.swift in Sources */ = {isa = PBXBuildFile; fileRef = CFFE16EF292D6E130030DD1D /* ViewExtension.swift */; };
/* End PBXBuildFile section */

/* Begin PBXContainerItemProxy section */
		CFFE16CA292D03A60030DD1D /* PBXContainerItemProxy */ = {
			isa = PBXContainerItemProxy;
			containerPortal = CFFE16AC292D03A50030DD1D /* Project object */;
			proxyType = 1;
			remoteGlobalIDString = CFFE16B3292D03A50030DD1D;
			remoteInfo = Beauttiee;
		};
		CFFE16D4292D03A60030DD1D /* PBXContainerItemProxy */ = {
			isa = PBXContainerItemProxy;
			containerPortal = CFFE16AC292D03A50030DD1D /* Project object */;
			proxyType = 1;
			remoteGlobalIDString = CFFE16B3292D03A50030DD1D;
			remoteInfo = Beauttiee;
		};
/* End PBXContainerItemProxy section */

/* Begin PBXFileReference section */
		CF1A016A296744E400472A68 /* Info.plist */ = {isa = PBXFileReference; lastKnownFileType = text.plist; path = Info.plist; sourceTree = "<group>"; };
		CF1A016B296746C100472A68 /* Launch Screen.storyboard */ = {isa = PBXFileReference; lastKnownFileType = file.storyboard; path = "Launch Screen.storyboard"; sourceTree = "<group>"; };
		CF1A01702968D3E000472A68 /* de */ = {isa = PBXFileReference; lastKnownFileType = text.plist.strings; name = de; path = de.lproj/Localizable.strings; sourceTree = "<group>"; };
		CF1A01712968D3E000472A68 /* he */ = {isa = PBXFileReference; lastKnownFileType = text.plist.strings; name = he; path = he.lproj/Localizable.strings; sourceTree = "<group>"; };
		CF1A01722968D3E000472A68 /* en_AU */ = {isa = PBXFileReference; lastKnownFileType = text.plist.strings; name = en_AU; path = en_AU.lproj/Localizable.strings; sourceTree = "<group>"; };
		CF1A01732968D3E000472A68 /* ar */ = {isa = PBXFileReference; lastKnownFileType = text.plist.strings; name = ar; path = ar.lproj/Localizable.strings; sourceTree = "<group>"; };
		CF1A01742968D3E000472A68 /* el */ = {isa = PBXFileReference; lastKnownFileType = text.plist.strings; name = el; path = el.lproj/Localizable.strings; sourceTree = "<group>"; };
		CF1A01752968D3E000472A68 /* zh-Hans */ = {isa = PBXFileReference; lastKnownFileType = text.plist.strings; name = "zh-Hans"; path = "zh-Hans.lproj/Localizable.strings"; sourceTree = "<group>"; };
		CF1A01762968D3E000472A68 /* ja */ = {isa = PBXFileReference; lastKnownFileType = text.plist.strings; name = ja; path = ja.lproj/Localizable.strings; sourceTree = "<group>"; };
		CF1A01772968D3E000472A68 /* zh-TW */ = {isa = PBXFileReference; lastKnownFileType = text.plist.strings; name = "zh-TW"; path = "zh-TW.lproj/Localizable.strings"; sourceTree = "<group>"; };
		CF1A01782968D3E000472A68 /* en */ = {isa = PBXFileReference; lastKnownFileType = text.plist.strings; name = en; path = en.lproj/Localizable.strings; sourceTree = "<group>"; };
		CF1A01792968D3E000472A68 /* uk */ = {isa = PBXFileReference; lastKnownFileType = text.plist.strings; name = uk; path = uk.lproj/Localizable.strings; sourceTree = "<group>"; };
		CF1A017A2968D3E000472A68 /* zh-HK */ = {isa = PBXFileReference; lastKnownFileType = text.plist.strings; name = "zh-HK"; path = "zh-HK.lproj/Localizable.strings"; sourceTree = "<group>"; };
		CF1A017B2968D3E000472A68 /* es_419 */ = {isa = PBXFileReference; lastKnownFileType = text.plist.strings; name = es_419; path = es_419.lproj/Localizable.strings; sourceTree = "<group>"; };
		CF1A017C2968D3E000472A68 /* es */ = {isa = PBXFileReference; lastKnownFileType = text.plist.strings; name = es; path = es.lproj/Localizable.strings; sourceTree = "<group>"; };
		CF1A017D2968D3E000472A68 /* pt_BR */ = {isa = PBXFileReference; lastKnownFileType = text.plist.strings; name = pt_BR; path = pt_BR.lproj/Localizable.strings; sourceTree = "<group>"; };
		CF1A017E2968D3E000472A68 /* da */ = {isa = PBXFileReference; lastKnownFileType = text.plist.strings; name = da; path = da.lproj/Localizable.strings; sourceTree = "<group>"; };
		CF1A017F2968D3E000472A68 /* it */ = {isa = PBXFileReference; lastKnownFileType = text.plist.strings; name = it; path = it.lproj/Localizable.strings; sourceTree = "<group>"; };
		CF1A01802968D3E000472A68 /* sk */ = {isa = PBXFileReference; lastKnownFileType = text.plist.strings; name = sk; path = sk.lproj/Localizable.strings; sourceTree = "<group>"; };
		CF1A01812968D3E000472A68 /* pt_PT */ = {isa = PBXFileReference; lastKnownFileType = text.plist.strings; name = pt_PT; path = pt_PT.lproj/Localizable.strings; sourceTree = "<group>"; };
		CF1A01822968D3E000472A68 /* ms */ = {isa = PBXFileReference; lastKnownFileType = text.plist.strings; name = ms; path = ms.lproj/Localizable.strings; sourceTree = "<group>"; };
		CF1A01832968D3E000472A68 /* sv */ = {isa = PBXFileReference; lastKnownFileType = text.plist.strings; name = sv; path = sv.lproj/Localizable.strings; sourceTree = "<group>"; };
		CF1A01842968D3E000472A68 /* cs */ = {isa = PBXFileReference; lastKnownFileType = text.plist.strings; name = cs; path = cs.lproj/Localizable.strings; sourceTree = "<group>"; };
		CF1A01852968D3E000472A68 /* ko */ = {isa = PBXFileReference; lastKnownFileType = text.plist.strings; name = ko; path = ko.lproj/Localizable.strings; sourceTree = "<group>"; };
		CF1A01862968D3E000472A68 /* zh-Hant */ = {isa = PBXFileReference; lastKnownFileType = text.plist.strings; name = "zh-Hant"; path = "zh-Hant.lproj/Localizable.strings"; sourceTree = "<group>"; };
		CF1A01872968D3E000472A68 /* no */ = {isa = PBXFileReference; lastKnownFileType = text.plist.strings; name = no; path = no.lproj/Localizable.strings; sourceTree = "<group>"; };
		CF1A01882968D3E000472A68 /* hu */ = {isa = PBXFileReference; lastKnownFileType = text.plist.strings; name = hu; path = hu.lproj/Localizable.strings; sourceTree = "<group>"; };
		CF1A01892968D3E000472A68 /* tr */ = {isa = PBXFileReference; lastKnownFileType = text.plist.strings; name = tr; path = tr.lproj/Localizable.strings; sourceTree = "<group>"; };
		CF1A018A2968D3E000472A68 /* pl */ = {isa = PBXFileReference; lastKnownFileType = text.plist.strings; name = pl; path = pl.lproj/Localizable.strings; sourceTree = "<group>"; };
		CF1A018B2968D3E000472A68 /* en_GB */ = {isa = PBXFileReference; lastKnownFileType = text.plist.strings; name = en_GB; path = en_GB.lproj/Localizable.strings; sourceTree = "<group>"; };
		CF1A018C2968D3E000472A68 /* vi */ = {isa = PBXFileReference; lastKnownFileType = text.plist.strings; name = vi; path = vi.lproj/Localizable.strings; sourceTree = "<group>"; };
		CF1A018D2968D3E000472A68 /* ru */ = {isa = PBXFileReference; lastKnownFileType = text.plist.strings; name = ru; path = ru.lproj/Localizable.strings; sourceTree = "<group>"; };
		CF1A018E2968D3E000472A68 /* zh-CN */ = {isa = PBXFileReference; lastKnownFileType = text.plist.strings; name = "zh-CN"; path = "zh-CN.lproj/Localizable.strings"; sourceTree = "<group>"; };
		CF1A018F2968D3E000472A68 /* fr_CA */ = {isa = PBXFileReference; lastKnownFileType = text.plist.strings; name = fr_CA; path = fr_CA.lproj/Localizable.strings; sourceTree = "<group>"; };
		CF1A01902968D3E000472A68 /* fr */ = {isa = PBXFileReference; lastKnownFileType = text.plist.strings; name = fr; path = fr.lproj/Localizable.strings; sourceTree = "<group>"; };
		CF1A01912968D3E000472A68 /* fi */ = {isa = PBXFileReference; lastKnownFileType = text.plist.strings; name = fi; path = fi.lproj/Localizable.strings; sourceTree = "<group>"; };
		CF1A01922968D3E000472A68 /* id */ = {isa = PBXFileReference; lastKnownFileType = text.plist.strings; name = id; path = id.lproj/Localizable.strings; sourceTree = "<group>"; };
		CF1A01932968D3E000472A68 /* nl */ = {isa = PBXFileReference; lastKnownFileType = text.plist.strings; name = nl; path = nl.lproj/Localizable.strings; sourceTree = "<group>"; };
		CF1A01942968D3E000472A68 /* th */ = {isa = PBXFileReference; lastKnownFileType = text.plist.strings; name = th; path = th.lproj/Localizable.strings; sourceTree = "<group>"; };
		CF1A01952968D3E000472A68 /* ro */ = {isa = PBXFileReference; lastKnownFileType = text.plist.strings; name = ro; path = ro.lproj/Localizable.strings; sourceTree = "<group>"; };
		CF1A01962968D3E000472A68 /* hr */ = {isa = PBXFileReference; lastKnownFileType = text.plist.strings; name = hr; path = hr.lproj/Localizable.strings; sourceTree = "<group>"; };
		CF1A01972968D3E000472A68 /* hi */ = {isa = PBXFileReference; lastKnownFileType = text.plist.strings; name = hi; path = hi.lproj/Localizable.strings; sourceTree = "<group>"; };
		CF1A01982968D3E000472A68 /* ca */ = {isa = PBXFileReference; lastKnownFileType = text.plist.strings; name = ca; path = ca.lproj/Localizable.strings; sourceTree = "<group>"; };
		CF1A019A2968D3E000472A68 /* Locale+24Hour.swift */ = {isa = PBXFileReference; fileEncoding = 4; lastKnownFileType = sourcecode.swift; path = "Locale+24Hour.swift"; sourceTree = "<group>"; };
		CF1A019B2968D3E000472A68 /* Value+Clamped.swift */ = {isa = PBXFileReference; fileEncoding = 4; lastKnownFileType = sourcecode.swift; path = "Value+Clamped.swift"; sourceTree = "<group>"; };
		CF1A019C2968D3E000472A68 /* Array+Shift.swift */ = {isa = PBXFileReference; fileEncoding = 4; lastKnownFileType = sourcecode.swift; path = "Array+Shift.swift"; sourceTree = "<group>"; };
		CF1A019D2968D3E000472A68 /* View+StackView.swift */ = {isa = PBXFileReference; fileEncoding = 4; lastKnownFileType = sourcecode.swift; path = "View+StackView.swift"; sourceTree = "<group>"; };
		CF1A019E2968D3E000472A68 /* Date+DateOnly.swift */ = {isa = PBXFileReference; fileEncoding = 4; lastKnownFileType = sourcecode.swift; path = "Date+DateOnly.swift"; sourceTree = "<group>"; };
		CF1A019F2968D3E000472A68 /* UIColor+SystemColors.swift */ = {isa = PBXFileReference; fileEncoding = 4; lastKnownFileType = sourcecode.swift; path = "UIColor+SystemColors.swift"; sourceTree = "<group>"; };
		CF1A01A02968D3E000472A68 /* Localization.swift */ = {isa = PBXFileReference; fileEncoding = 4; lastKnownFileType = sourcecode.swift; path = Localization.swift; sourceTree = "<group>"; };
		CF1A01A22968D3E000472A68 /* ReusePool.swift */ = {isa = PBXFileReference; fileEncoding = 4; lastKnownFileType = sourcecode.swift; path = ReusePool.swift; sourceTree = "<group>"; };
		CF1A01A32968D3E000472A68 /* EventView.swift */ = {isa = PBXFileReference; fileEncoding = 4; lastKnownFileType = sourcecode.swift; path = EventView.swift; sourceTree = "<group>"; };
		CF1A01A42968D3E000472A68 /* Event.swift */ = {isa = PBXFileReference; fileEncoding = 4; lastKnownFileType = sourcecode.swift; path = Event.swift; sourceTree = "<group>"; };
		CF1A01A52968D3E000472A68 /* AllDayView.swift */ = {isa = PBXFileReference; fileEncoding = 4; lastKnownFileType = sourcecode.swift; path = AllDayView.swift; sourceTree = "<group>"; };
		CF1A01A62968D3E000472A68 /* TimelineContainer.swift */ = {isa = PBXFileReference; fileEncoding = 4; lastKnownFileType = sourcecode.swift; path = TimelineContainer.swift; sourceTree = "<group>"; };
		CF1A01A72968D3E000472A68 /* TimeStringsFactory.swift */ = {isa = PBXFileReference; fileEncoding = 4; lastKnownFileType = sourcecode.swift; path = TimeStringsFactory.swift; sourceTree = "<group>"; };
		CF1A01A82968D3E000472A68 /* EventDescriptor.swift */ = {isa = PBXFileReference; fileEncoding = 4; lastKnownFileType = sourcecode.swift; path = EventDescriptor.swift; sourceTree = "<group>"; };
		CF1A01A92968D3E000472A68 /* TimelinePagerView.swift */ = {isa = PBXFileReference; fileEncoding = 4; lastKnownFileType = sourcecode.swift; path = TimelinePagerView.swift; sourceTree = "<group>"; };
		CF1A01AA2968D3E000472A68 /* CurrentTimeIndicator.swift */ = {isa = PBXFileReference; fileEncoding = 4; lastKnownFileType = sourcecode.swift; path = CurrentTimeIndicator.swift; sourceTree = "<group>"; };
		CF1A01AB2968D3E000472A68 /* TimelineContainerController.swift */ = {isa = PBXFileReference; fileEncoding = 4; lastKnownFileType = sourcecode.swift; path = TimelineContainerController.swift; sourceTree = "<group>"; };
		CF1A01AC2968D3E000472A68 /* TimelineView.swift */ = {isa = PBXFileReference; fileEncoding = 4; lastKnownFileType = sourcecode.swift; path = TimelineView.swift; sourceTree = "<group>"; };
		CF1A01AD2968D3E000472A68 /* EventEditingSnappingBehavior.swift */ = {isa = PBXFileReference; fileEncoding = 4; lastKnownFileType = sourcecode.swift; path = EventEditingSnappingBehavior.swift; sourceTree = "<group>"; };
		CF1A01AE2968D3E000472A68 /* EventResizeHandleView.swift */ = {isa = PBXFileReference; fileEncoding = 4; lastKnownFileType = sourcecode.swift; path = EventResizeHandleView.swift; sourceTree = "<group>"; };
		CF1A01AF2968D3E000472A68 /* EventLayoutAttributes.swift */ = {isa = PBXFileReference; fileEncoding = 4; lastKnownFileType = sourcecode.swift; path = EventLayoutAttributes.swift; sourceTree = "<group>"; };
		CF1A01B02968D3E000472A68 /* SnapTo15MinuteIntervals.swift */ = {isa = PBXFileReference; fileEncoding = 4; lastKnownFileType = sourcecode.swift; path = SnapTo15MinuteIntervals.swift; sourceTree = "<group>"; };
		CF1A01B12968D3E000472A68 /* EventResizeHandleDotView.swift */ = {isa = PBXFileReference; fileEncoding = 4; lastKnownFileType = sourcecode.swift; path = EventResizeHandleDotView.swift; sourceTree = "<group>"; };
		CF1A01B22968D3E000472A68 /* DayViewState.swift */ = {isa = PBXFileReference; fileEncoding = 4; lastKnownFileType = sourcecode.swift; path = DayViewState.swift; sourceTree = "<group>"; };
		CF1A01B32968D3E000472A68 /* EventDataSource.swift */ = {isa = PBXFileReference; fileEncoding = 4; lastKnownFileType = sourcecode.swift; path = EventDataSource.swift; sourceTree = "<group>"; };
		CF1A01B42968D3E000472A68 /* DayView.swift */ = {isa = PBXFileReference; fileEncoding = 4; lastKnownFileType = sourcecode.swift; path = DayView.swift; sourceTree = "<group>"; };
		CF1A01B52968D3E000472A68 /* CalendarStyle.swift */ = {isa = PBXFileReference; fileEncoding = 4; lastKnownFileType = sourcecode.swift; path = CalendarStyle.swift; sourceTree = "<group>"; };
		CF1A01B62968D3E000472A68 /* DayViewController.swift */ = {isa = PBXFileReference; fileEncoding = 4; lastKnownFileType = sourcecode.swift; path = DayViewController.swift; sourceTree = "<group>"; };
		CF1A01B82968D3E000472A68 /* DayHeaderView.swift */ = {isa = PBXFileReference; fileEncoding = 4; lastKnownFileType = sourcecode.swift; path = DayHeaderView.swift; sourceTree = "<group>"; };
		CF1A01B92968D3E000472A68 /* SwipeLabelView.swift */ = {isa = PBXFileReference; fileEncoding = 4; lastKnownFileType = sourcecode.swift; path = SwipeLabelView.swift; sourceTree = "<group>"; };
		CF1A01BB2968D3E000472A68 /* DayDateCell.swift */ = {isa = PBXFileReference; fileEncoding = 4; lastKnownFileType = sourcecode.swift; path = DayDateCell.swift; sourceTree = "<group>"; };
		CF1A01BC2968D3E000472A68 /* DaySelectorController.swift */ = {isa = PBXFileReference; fileEncoding = 4; lastKnownFileType = sourcecode.swift; path = DaySelectorController.swift; sourceTree = "<group>"; };
		CF1A01BD2968D3E000472A68 /* DateLabel.swift */ = {isa = PBXFileReference; fileEncoding = 4; lastKnownFileType = sourcecode.swift; path = DateLabel.swift; sourceTree = "<group>"; };
		CF1A01BE2968D3E000472A68 /* DaySelector.swift */ = {isa = PBXFileReference; fileEncoding = 4; lastKnownFileType = sourcecode.swift; path = DaySelector.swift; sourceTree = "<group>"; };
		CF1A01BF2968D3E000472A68 /* DaySymbolsView.swift */ = {isa = PBXFileReference; fileEncoding = 4; lastKnownFileType = sourcecode.swift; path = DaySymbolsView.swift; sourceTree = "<group>"; };
		CF33A53C295375DD0007ADE1 /* AppointmentsDayTimelineViewController.swift */ = {isa = PBXFileReference; lastKnownFileType = sourcecode.swift; path = AppointmentsDayTimelineViewController.swift; sourceTree = "<group>"; };
		CF33A53F295376D70007ADE1 /* AppointmentsDayTimelineBridgeView.swift */ = {isa = PBXFileReference; lastKnownFileType = sourcecode.swift; path = AppointmentsDayTimelineBridgeView.swift; sourceTree = "<group>"; };
		CF33A542295A19FD0007ADE1 /* AppointmentDetailView.swift */ = {isa = PBXFileReference; lastKnownFileType = sourcecode.swift; path = AppointmentDetailView.swift; sourceTree = "<group>"; };
		CF33A544295A33E90007ADE1 /* MainTabBarView.swift */ = {isa = PBXFileReference; lastKnownFileType = sourcecode.swift; path = MainTabBarView.swift; sourceTree = "<group>"; };
		CF5B86672980643300FE283E /* MonthFinancialView.swift */ = {isa = PBXFileReference; lastKnownFileType = sourcecode.swift; path = MonthFinancialView.swift; sourceTree = "<group>"; };
		CF5B8669298967BB00FE283E /* AppointmentType.swift */ = {isa = PBXFileReference; lastKnownFileType = sourcecode.swift; path = AppointmentType.swift; sourceTree = "<group>"; };
		CF5B866C298969B800FE283E /* PersonalAppointmentView.swift */ = {isa = PBXFileReference; lastKnownFileType = sourcecode.swift; path = PersonalAppointmentView.swift; sourceTree = "<group>"; };
		CF7448D3296B69C10047EF36 /* Appointment.swift */ = {isa = PBXFileReference; lastKnownFileType = sourcecode.swift; path = Appointment.swift; sourceTree = "<group>"; };
		CF7EF85C29391FF700D1F237 /* ServiceDetailView.swift */ = {isa = PBXFileReference; lastKnownFileType = sourcecode.swift; path = ServiceDetailView.swift; sourceTree = "<group>"; };
		CF7EF85F293927D200D1F237 /* ServiceDuration.swift */ = {isa = PBXFileReference; lastKnownFileType = sourcecode.swift; path = ServiceDuration.swift; sourceTree = "<group>"; };
		CFF78DD7295F516D00493FB3 /* NewAppointmentView.swift */ = {isa = PBXFileReference; lastKnownFileType = sourcecode.swift; path = NewAppointmentView.swift; sourceTree = "<group>"; };
		CFF78DDA295F570000493FB3 /* PaymentType.swift */ = {isa = PBXFileReference; lastKnownFileType = sourcecode.swift; path = PaymentType.swift; sourceTree = "<group>"; };
		CFF78DDE2960B13900493FB3 /* ColorExtension.swift */ = {isa = PBXFileReference; lastKnownFileType = sourcecode.swift; path = ColorExtension.swift; sourceTree = "<group>"; };
		CFFE16B4292D03A50030DD1D /* Beauttiee.app */ = {isa = PBXFileReference; explicitFileType = wrapper.application; includeInIndex = 0; path = Beauttiee.app; sourceTree = BUILT_PRODUCTS_DIR; };
		CFFE16B7292D03A50030DD1D /* BeauttieeApp.swift */ = {isa = PBXFileReference; lastKnownFileType = sourcecode.swift; path = BeauttieeApp.swift; sourceTree = "<group>"; };
		CFFE16BB292D03A50030DD1D /* Assets.xcassets */ = {isa = PBXFileReference; lastKnownFileType = folder.assetcatalog; path = Assets.xcassets; sourceTree = "<group>"; };
		CFFE16BE292D03A50030DD1D /* Preview Assets.xcassets */ = {isa = PBXFileReference; lastKnownFileType = folder.assetcatalog; path = "Preview Assets.xcassets"; sourceTree = "<group>"; };
		CFFE16C0292D03A50030DD1D /* Persistence.swift */ = {isa = PBXFileReference; lastKnownFileType = sourcecode.swift; path = Persistence.swift; sourceTree = "<group>"; };
		CFFE16C3292D03A50030DD1D /* Beauttiee.xcdatamodel */ = {isa = PBXFileReference; lastKnownFileType = wrapper.xcdatamodel; path = Beauttiee.xcdatamodel; sourceTree = "<group>"; };
		CFFE16C9292D03A60030DD1D /* BeauttieeTests.xctest */ = {isa = PBXFileReference; explicitFileType = wrapper.cfbundle; includeInIndex = 0; path = BeauttieeTests.xctest; sourceTree = BUILT_PRODUCTS_DIR; };
		CFFE16CD292D03A60030DD1D /* BeauttieeTests.swift */ = {isa = PBXFileReference; lastKnownFileType = sourcecode.swift; path = BeauttieeTests.swift; sourceTree = "<group>"; };
		CFFE16D3292D03A60030DD1D /* BeauttieeUITests.xctest */ = {isa = PBXFileReference; explicitFileType = wrapper.cfbundle; includeInIndex = 0; path = BeauttieeUITests.xctest; sourceTree = BUILT_PRODUCTS_DIR; };
		CFFE16D7292D03A60030DD1D /* BeauttieeUITests.swift */ = {isa = PBXFileReference; lastKnownFileType = sourcecode.swift; path = BeauttieeUITests.swift; sourceTree = "<group>"; };
		CFFE16D9292D03A60030DD1D /* BeauttieeUITestsLaunchTests.swift */ = {isa = PBXFileReference; lastKnownFileType = sourcecode.swift; path = BeauttieeUITestsLaunchTests.swift; sourceTree = "<group>"; };
		CFFE16E9292D342B0030DD1D /* ServicesView.swift */ = {isa = PBXFileReference; lastKnownFileType = sourcecode.swift; path = ServicesView.swift; sourceTree = "<group>"; };
		CFFE16EC292D6D8C0030DD1D /* EmptyViewModifier.swift */ = {isa = PBXFileReference; lastKnownFileType = sourcecode.swift; path = EmptyViewModifier.swift; sourceTree = "<group>"; };
		CFFE16EF292D6E130030DD1D /* ViewExtension.swift */ = {isa = PBXFileReference; lastKnownFileType = sourcecode.swift; path = ViewExtension.swift; sourceTree = "<group>"; };
/* End PBXFileReference section */

/* Begin PBXFrameworksBuildPhase section */
		CFFE16B1292D03A50030DD1D /* Frameworks */ = {
			isa = PBXFrameworksBuildPhase;
			buildActionMask = 2147483647;
			files = (
				CF33A533294A3BBD0007ADE1 /* CurrencyText in Frameworks */,
				CF33A531294A3BBD0007ADE1 /* CurrencyFormatter in Frameworks */,
				CF5B8664297B086D00FE283E /* SwiftPieChart in Frameworks */,
				CF33A535294A3BBD0007ADE1 /* CurrencyTextSwiftUI in Frameworks */,
			);
			runOnlyForDeploymentPostprocessing = 0;
		};
		CFFE16C6292D03A60030DD1D /* Frameworks */ = {
			isa = PBXFrameworksBuildPhase;
			buildActionMask = 2147483647;
			files = (
			);
			runOnlyForDeploymentPostprocessing = 0;
		};
		CFFE16D0292D03A60030DD1D /* Frameworks */ = {
			isa = PBXFrameworksBuildPhase;
			buildActionMask = 2147483647;
			files = (
			);
			runOnlyForDeploymentPostprocessing = 0;
		};
/* End PBXFrameworksBuildPhase section */

/* Begin PBXGroup section */
		CF1A016D2968D3B000472A68 /* CalendarKit */ = {
			isa = PBXGroup;
			children = (
				CF1A01B52968D3E000472A68 /* CalendarStyle.swift */,
				CF1A01B42968D3E000472A68 /* DayView.swift */,
				CF1A01B62968D3E000472A68 /* DayViewController.swift */,
				CF1A01B22968D3E000472A68 /* DayViewState.swift */,
				CF1A01B32968D3E000472A68 /* EventDataSource.swift */,
				CF1A01992968D3E000472A68 /* Extensions */,
				CF1A01B72968D3E000472A68 /* Header */,
				CF1A01A02968D3E000472A68 /* Localization.swift */,
				CF1A016E2968D3E000472A68 /* Localizations */,
				CF1A01A12968D3E000472A68 /* Timeline */,
			);
			path = CalendarKit;
			sourceTree = "<group>";
		};
		CF1A016E2968D3E000472A68 /* Localizations */ = {
			isa = PBXGroup;
			children = (
				CF1A016F2968D3E000472A68 /* Localizable.strings */,
			);
			path = Localizations;
			sourceTree = "<group>";
		};
		CF1A01992968D3E000472A68 /* Extensions */ = {
			isa = PBXGroup;
			children = (
				CF1A019A2968D3E000472A68 /* Locale+24Hour.swift */,
				CF1A019B2968D3E000472A68 /* Value+Clamped.swift */,
				CF1A019C2968D3E000472A68 /* Array+Shift.swift */,
				CF1A019D2968D3E000472A68 /* View+StackView.swift */,
				CF1A019E2968D3E000472A68 /* Date+DateOnly.swift */,
				CF1A019F2968D3E000472A68 /* UIColor+SystemColors.swift */,
			);
			path = Extensions;
			sourceTree = "<group>";
		};
		CF1A01A12968D3E000472A68 /* Timeline */ = {
			isa = PBXGroup;
			children = (
				CF1A01A22968D3E000472A68 /* ReusePool.swift */,
				CF1A01A32968D3E000472A68 /* EventView.swift */,
				CF1A01A42968D3E000472A68 /* Event.swift */,
				CF1A01A52968D3E000472A68 /* AllDayView.swift */,
				CF1A01A62968D3E000472A68 /* TimelineContainer.swift */,
				CF1A01A72968D3E000472A68 /* TimeStringsFactory.swift */,
				CF1A01A82968D3E000472A68 /* EventDescriptor.swift */,
				CF1A01A92968D3E000472A68 /* TimelinePagerView.swift */,
				CF1A01AA2968D3E000472A68 /* CurrentTimeIndicator.swift */,
				CF1A01AB2968D3E000472A68 /* TimelineContainerController.swift */,
				CF1A01AC2968D3E000472A68 /* TimelineView.swift */,
				CF1A01AD2968D3E000472A68 /* EventEditingSnappingBehavior.swift */,
				CF1A01AE2968D3E000472A68 /* EventResizeHandleView.swift */,
				CF1A01AF2968D3E000472A68 /* EventLayoutAttributes.swift */,
				CF1A01B02968D3E000472A68 /* SnapTo15MinuteIntervals.swift */,
				CF1A01B12968D3E000472A68 /* EventResizeHandleDotView.swift */,
			);
			path = Timeline;
			sourceTree = "<group>";
		};
		CF1A01B72968D3E000472A68 /* Header */ = {
			isa = PBXGroup;
			children = (
				CF1A01B82968D3E000472A68 /* DayHeaderView.swift */,
				CF1A01B92968D3E000472A68 /* SwipeLabelView.swift */,
				CF1A01BA2968D3E000472A68 /* DaySelector */,
				CF1A01BF2968D3E000472A68 /* DaySymbolsView.swift */,
			);
			path = Header;
			sourceTree = "<group>";
		};
		CF1A01BA2968D3E000472A68 /* DaySelector */ = {
			isa = PBXGroup;
			children = (
				CF1A01BB2968D3E000472A68 /* DayDateCell.swift */,
				CF1A01BC2968D3E000472A68 /* DaySelectorController.swift */,
				CF1A01BD2968D3E000472A68 /* DateLabel.swift */,
				CF1A01BE2968D3E000472A68 /* DaySelector.swift */,
			);
			path = DaySelector;
			sourceTree = "<group>";
		};
		CF33A53A2953756C0007ADE1 /* Appointment */ = {
			isa = PBXGroup;
			children = (
				CFF78DD9295F56F000493FB3 /* Model */,
				CF33A53E295376AD0007ADE1 /* View */,
				CF33A53B2953757C0007ADE1 /* ViewController */,
			);
			path = Appointment;
			sourceTree = "<group>";
		};
		CF33A53B2953757C0007ADE1 /* ViewController */ = {
			isa = PBXGroup;
			children = (
				CF33A53C295375DD0007ADE1 /* AppointmentsDayTimelineViewController.swift */,
			);
			path = ViewController;
			sourceTree = "<group>";
		};
		CF33A53E295376AD0007ADE1 /* View */ = {
			isa = PBXGroup;
			children = (
				CF5B866B2989698600FE283E /* Personal */,
				CFF78DD6295F515300493FB3 /* New */,
				CF33A541295A19DB0007ADE1 /* Detail */,
				CF33A53F295376D70007ADE1 /* AppointmentsDayTimelineBridgeView.swift */,
			);
			path = View;
			sourceTree = "<group>";
		};
		CF33A541295A19DB0007ADE1 /* Detail */ = {
			isa = PBXGroup;
			children = (
				CF33A542295A19FD0007ADE1 /* AppointmentDetailView.swift */,
			);
			path = Detail;
			sourceTree = "<group>";
		};
		CF5B8665298063ED00FE283E /* Financial */ = {
			isa = PBXGroup;
			children = (
				CF5B8666298063FE00FE283E /* View */,
			);
			path = Financial;
			sourceTree = "<group>";
		};
		CF5B8666298063FE00FE283E /* View */ = {
			isa = PBXGroup;
			children = (
				CF5B86672980643300FE283E /* MonthFinancialView.swift */,
			);
			path = View;
			sourceTree = "<group>";
		};
		CF5B866B2989698600FE283E /* Personal */ = {
			isa = PBXGroup;
			children = (
				CF5B866C298969B800FE283E /* PersonalAppointmentView.swift */,
			);
			path = Personal;
			sourceTree = "<group>";
		};
		CF7EF85A29391FD400D1F237 /* Detail */ = {
			isa = PBXGroup;
			children = (
				CF7EF85B29391FDE00D1F237 /* View */,
			);
			path = Detail;
			sourceTree = "<group>";
		};
		CF7EF85B29391FDE00D1F237 /* View */ = {
			isa = PBXGroup;
			children = (
				CF7EF85C29391FF700D1F237 /* ServiceDetailView.swift */,
			);
			path = View;
			sourceTree = "<group>";
		};
		CF7EF85E293927BA00D1F237 /* Model */ = {
			isa = PBXGroup;
			children = (
				CF7EF85F293927D200D1F237 /* ServiceDuration.swift */,
			);
			path = Model;
			sourceTree = "<group>";
		};
		CFF78DD6295F515300493FB3 /* New */ = {
			isa = PBXGroup;
			children = (
				CFF78DD7295F516D00493FB3 /* NewAppointmentView.swift */,
			);
			path = New;
			sourceTree = "<group>";
		};
		CFF78DD9295F56F000493FB3 /* Model */ = {
			isa = PBXGroup;
			children = (
				CFF78DDA295F570000493FB3 /* PaymentType.swift */,
				CF7448D3296B69C10047EF36 /* Appointment.swift */,
				CF5B8669298967BB00FE283E /* AppointmentType.swift */,
			);
			path = Model;
			sourceTree = "<group>";
		};
		CFFE16AB292D03A50030DD1D = {
			isa = PBXGroup;
			children = (
				CFFE16B6292D03A50030DD1D /* Beauttiee */,
				CFFE16CC292D03A60030DD1D /* BeauttieeTests */,
				CFFE16D6292D03A60030DD1D /* BeauttieeUITests */,
				CFFE16B5292D03A50030DD1D /* Products */,
			);
			sourceTree = "<group>";
		};
		CFFE16B5292D03A50030DD1D /* Products */ = {
			isa = PBXGroup;
			children = (
				CFFE16B4292D03A50030DD1D /* Beauttiee.app */,
				CFFE16C9292D03A60030DD1D /* BeauttieeTests.xctest */,
				CFFE16D3292D03A60030DD1D /* BeauttieeUITests.xctest */,
			);
			name = Products;
			sourceTree = "<group>";
		};
		CFFE16B6292D03A50030DD1D /* Beauttiee */ = {
			isa = PBXGroup;
			children = (
				CF5B8665298063ED00FE283E /* Financial */,
				CF1A016D2968D3B000472A68 /* CalendarKit */,
				CF1A016A296744E400472A68 /* Info.plist */,
				CF33A53A2953756C0007ADE1 /* Appointment */,
				CFFE16EE292D6DFC0030DD1D /* Extensions */,
				CFFE16EB292D6D3A0030DD1D /* Commons */,
				CFFE16E6292D33550030DD1D /* Service */,
				CFFE16B7292D03A50030DD1D /* BeauttieeApp.swift */,
				CFFE16BB292D03A50030DD1D /* Assets.xcassets */,
				CFFE16C0292D03A50030DD1D /* Persistence.swift */,
				CFFE16C2292D03A50030DD1D /* Beauttiee.xcdatamodeld */,
				CFFE16BD292D03A50030DD1D /* Preview Content */,
				CF33A544295A33E90007ADE1 /* MainTabBarView.swift */,
				CF1A016B296746C100472A68 /* Launch Screen.storyboard */,
			);
			path = Beauttiee;
			sourceTree = "<group>";
		};
		CFFE16BD292D03A50030DD1D /* Preview Content */ = {
			isa = PBXGroup;
			children = (
				CFFE16BE292D03A50030DD1D /* Preview Assets.xcassets */,
			);
			path = "Preview Content";
			sourceTree = "<group>";
		};
		CFFE16CC292D03A60030DD1D /* BeauttieeTests */ = {
			isa = PBXGroup;
			children = (
				CFFE16CD292D03A60030DD1D /* BeauttieeTests.swift */,
			);
			path = BeauttieeTests;
			sourceTree = "<group>";
		};
		CFFE16D6292D03A60030DD1D /* BeauttieeUITests */ = {
			isa = PBXGroup;
			children = (
				CFFE16D7292D03A60030DD1D /* BeauttieeUITests.swift */,
				CFFE16D9292D03A60030DD1D /* BeauttieeUITestsLaunchTests.swift */,
			);
			path = BeauttieeUITests;
			sourceTree = "<group>";
		};
		CFFE16E6292D33550030DD1D /* Service */ = {
			isa = PBXGroup;
			children = (
				CF7EF85E293927BA00D1F237 /* Model */,
				CF7EF85A29391FD400D1F237 /* Detail */,
				CFFE16E8292D33AA0030DD1D /* ViewModel */,
				CFFE16E7292D339D0030DD1D /* View */,
			);
			path = Service;
			sourceTree = "<group>";
		};
		CFFE16E7292D339D0030DD1D /* View */ = {
			isa = PBXGroup;
			children = (
				CFFE16E9292D342B0030DD1D /* ServicesView.swift */,
			);
			path = View;
			sourceTree = "<group>";
		};
		CFFE16E8292D33AA0030DD1D /* ViewModel */ = {
			isa = PBXGroup;
			children = (
			);
			path = ViewModel;
			sourceTree = "<group>";
		};
		CFFE16EB292D6D3A0030DD1D /* Commons */ = {
			isa = PBXGroup;
			children = (
				CFFE16EC292D6D8C0030DD1D /* EmptyViewModifier.swift */,
			);
			path = Commons;
			sourceTree = "<group>";
		};
		CFFE16EE292D6DFC0030DD1D /* Extensions */ = {
			isa = PBXGroup;
			children = (
				CFFE16EF292D6E130030DD1D /* ViewExtension.swift */,
				CFF78DDE2960B13900493FB3 /* ColorExtension.swift */,
			);
			path = Extensions;
			sourceTree = "<group>";
		};
/* End PBXGroup section */

/* Begin PBXNativeTarget section */
		CFFE16B3292D03A50030DD1D /* Beauttiee */ = {
			isa = PBXNativeTarget;
			buildConfigurationList = CFFE16DD292D03A60030DD1D /* Build configuration list for PBXNativeTarget "Beauttiee" */;
			buildPhases = (
				CFFE16B0292D03A50030DD1D /* Sources */,
				CFFE16B1292D03A50030DD1D /* Frameworks */,
				CFFE16B2292D03A50030DD1D /* Resources */,
			);
			buildRules = (
			);
			dependencies = (
			);
			name = Beauttiee;
			packageProductDependencies = (
				CF33A530294A3BBD0007ADE1 /* CurrencyFormatter */,
				CF33A532294A3BBD0007ADE1 /* CurrencyText */,
				CF33A534294A3BBD0007ADE1 /* CurrencyTextSwiftUI */,
				CF5B8663297B086D00FE283E /* SwiftPieChart */,
			);
			productName = Beauttiee;
			productReference = CFFE16B4292D03A50030DD1D /* Beauttiee.app */;
			productType = "com.apple.product-type.application";
		};
		CFFE16C8292D03A60030DD1D /* BeauttieeTests */ = {
			isa = PBXNativeTarget;
			buildConfigurationList = CFFE16E0292D03A60030DD1D /* Build configuration list for PBXNativeTarget "BeauttieeTests" */;
			buildPhases = (
				CFFE16C5292D03A60030DD1D /* Sources */,
				CFFE16C6292D03A60030DD1D /* Frameworks */,
				CFFE16C7292D03A60030DD1D /* Resources */,
			);
			buildRules = (
			);
			dependencies = (
				CFFE16CB292D03A60030DD1D /* PBXTargetDependency */,
			);
			name = BeauttieeTests;
			productName = BeauttieeTests;
			productReference = CFFE16C9292D03A60030DD1D /* BeauttieeTests.xctest */;
			productType = "com.apple.product-type.bundle.unit-test";
		};
		CFFE16D2292D03A60030DD1D /* BeauttieeUITests */ = {
			isa = PBXNativeTarget;
			buildConfigurationList = CFFE16E3292D03A60030DD1D /* Build configuration list for PBXNativeTarget "BeauttieeUITests" */;
			buildPhases = (
				CFFE16CF292D03A60030DD1D /* Sources */,
				CFFE16D0292D03A60030DD1D /* Frameworks */,
				CFFE16D1292D03A60030DD1D /* Resources */,
			);
			buildRules = (
			);
			dependencies = (
				CFFE16D5292D03A60030DD1D /* PBXTargetDependency */,
			);
			name = BeauttieeUITests;
			productName = BeauttieeUITests;
			productReference = CFFE16D3292D03A60030DD1D /* BeauttieeUITests.xctest */;
			productType = "com.apple.product-type.bundle.ui-testing";
		};
/* End PBXNativeTarget section */

/* Begin PBXProject section */
		CFFE16AC292D03A50030DD1D /* Project object */ = {
			isa = PBXProject;
			attributes = {
				BuildIndependentTargetsInParallel = 1;
				LastSwiftUpdateCheck = 1400;
				LastUpgradeCheck = 1400;
				TargetAttributes = {
					CFFE16B3292D03A50030DD1D = {
						CreatedOnToolsVersion = 14.0.1;
					};
					CFFE16C8292D03A60030DD1D = {
						CreatedOnToolsVersion = 14.0.1;
						TestTargetID = CFFE16B3292D03A50030DD1D;
					};
					CFFE16D2292D03A60030DD1D = {
						CreatedOnToolsVersion = 14.0.1;
						TestTargetID = CFFE16B3292D03A50030DD1D;
					};
				};
			};
			buildConfigurationList = CFFE16AF292D03A50030DD1D /* Build configuration list for PBXProject "Beauttiee" */;
			compatibilityVersion = "Xcode 14.0";
			developmentRegion = en;
			hasScannedForEncodings = 0;
			knownRegions = (
				en,
				Base,
				de,
				he,
				en_AU,
				ar,
				el,
				"zh-Hans",
				ja,
				"zh-TW",
				uk,
				"zh-HK",
				es_419,
				es,
				pt_BR,
				da,
				it,
				sk,
				pt_PT,
				ms,
				sv,
				cs,
				ko,
				"zh-Hant",
				no,
				nb,
				hu,
				tr,
				pl,
				en_GB,
				vi,
				ru,
				"zh-CN",
				fr_CA,
				fr,
				fi,
				id,
				nl,
				th,
				ro,
				hr,
				hi,
				ca,
			);
			mainGroup = CFFE16AB292D03A50030DD1D;
			packageReferences = (
				CF33A52F294A3BBD0007ADE1 /* XCRemoteSwiftPackageReference "CurrencyText" */,
				CF5B8662297B086D00FE283E /* XCRemoteSwiftPackageReference "SwiftPieChart" */,
			);
			productRefGroup = CFFE16B5292D03A50030DD1D /* Products */;
			projectDirPath = "";
			projectRoot = "";
			targets = (
				CFFE16B3292D03A50030DD1D /* Beauttiee */,
				CFFE16C8292D03A60030DD1D /* BeauttieeTests */,
				CFFE16D2292D03A60030DD1D /* BeauttieeUITests */,
			);
		};
/* End PBXProject section */

/* Begin PBXResourcesBuildPhase section */
		CFFE16B2292D03A50030DD1D /* Resources */ = {
			isa = PBXResourcesBuildPhase;
			buildActionMask = 2147483647;
			files = (
				CF1A016C296746C100472A68 /* Launch Screen.storyboard in Resources */,
				CF1A01C02968D3E000472A68 /* Localizable.strings in Resources */,
				CFFE16BF292D03A50030DD1D /* Preview Assets.xcassets in Resources */,
				CFFE16BC292D03A50030DD1D /* Assets.xcassets in Resources */,
			);
			runOnlyForDeploymentPostprocessing = 0;
		};
		CFFE16C7292D03A60030DD1D /* Resources */ = {
			isa = PBXResourcesBuildPhase;
			buildActionMask = 2147483647;
			files = (
			);
			runOnlyForDeploymentPostprocessing = 0;
		};
		CFFE16D1292D03A60030DD1D /* Resources */ = {
			isa = PBXResourcesBuildPhase;
			buildActionMask = 2147483647;
			files = (
			);
			runOnlyForDeploymentPostprocessing = 0;
		};
/* End PBXResourcesBuildPhase section */

/* Begin PBXSourcesBuildPhase section */
		CFFE16B0292D03A50030DD1D /* Sources */ = {
			isa = PBXSourcesBuildPhase;
			buildActionMask = 2147483647;
			files = (
				CF1A01D02968D3E000472A68 /* CurrentTimeIndicator.swift in Sources */,
				CF1A01D52968D3E000472A68 /* EventLayoutAttributes.swift in Sources */,
				CFFE16EA292D342B0030DD1D /* ServicesView.swift in Sources */,
				CF7EF85D29391FF700D1F237 /* ServiceDetailView.swift in Sources */,
				CF5B866D298969B800FE283E /* PersonalAppointmentView.swift in Sources */,
				CF1A01C22968D3E000472A68 /* Value+Clamped.swift in Sources */,
				CFFE16C1292D03A50030DD1D /* Persistence.swift in Sources */,
				CF33A53D295375DD0007ADE1 /* AppointmentsDayTimelineViewController.swift in Sources */,
				CF1A01C82968D3E000472A68 /* ReusePool.swift in Sources */,
				CF1A01E02968D3E000472A68 /* DaySelectorController.swift in Sources */,
				CFFE16F0292D6E130030DD1D /* ViewExtension.swift in Sources */,
				CF1A01CF2968D3E000472A68 /* TimelinePagerView.swift in Sources */,
				CFF78DD8295F516D00493FB3 /* NewAppointmentView.swift in Sources */,
				CF7EF860293927D200D1F237 /* ServiceDuration.swift in Sources */,
				CF1A01D32968D3E000472A68 /* EventEditingSnappingBehavior.swift in Sources */,
				CFFE16C4292D03A50030DD1D /* Beauttiee.xcdatamodeld in Sources */,
				CF7448D4296B69C10047EF36 /* Appointment.swift in Sources */,
				CF33A545295A33E90007ADE1 /* MainTabBarView.swift in Sources */,
				CF1A01C32968D3E000472A68 /* Array+Shift.swift in Sources */,
				CF5B866A298967BB00FE283E /* AppointmentType.swift in Sources */,
				CF1A01D12968D3E000472A68 /* TimelineContainerController.swift in Sources */,
				CF1A01C42968D3E000472A68 /* View+StackView.swift in Sources */,
				CF1A01D42968D3E000472A68 /* EventResizeHandleView.swift in Sources */,
				CF1A01D22968D3E000472A68 /* TimelineView.swift in Sources */,
				CF1A01DD2968D3E000472A68 /* DayHeaderView.swift in Sources */,
				CF1A01CC2968D3E000472A68 /* TimelineContainer.swift in Sources */,
				CF1A01DB2968D3E000472A68 /* CalendarStyle.swift in Sources */,
				CF1A01E12968D3E000472A68 /* DateLabel.swift in Sources */,
				CF1A01E32968D3E000472A68 /* DaySymbolsView.swift in Sources */,
				CF1A01D92968D3E000472A68 /* EventDataSource.swift in Sources */,
				CF1A01C72968D3E000472A68 /* Localization.swift in Sources */,
				CFF78DDF2960B13900493FB3 /* ColorExtension.swift in Sources */,
				CF1A01DF2968D3E000472A68 /* DayDateCell.swift in Sources */,
				CF1A01CB2968D3E000472A68 /* AllDayView.swift in Sources */,
				CF1A01C92968D3E000472A68 /* EventView.swift in Sources */,
				CFFE16B8292D03A50030DD1D /* BeauttieeApp.swift in Sources */,
				CFFE16ED292D6D8C0030DD1D /* EmptyViewModifier.swift in Sources */,
				CF1A01E22968D3E000472A68 /* DaySelector.swift in Sources */,
				CF1A01D62968D3E000472A68 /* SnapTo15MinuteIntervals.swift in Sources */,
				CF1A01CD2968D3E000472A68 /* TimeStringsFactory.swift in Sources */,
				CF1A01C52968D3E000472A68 /* Date+DateOnly.swift in Sources */,
				CF1A01CE2968D3E000472A68 /* EventDescriptor.swift in Sources */,
				CF1A01DC2968D3E000472A68 /* DayViewController.swift in Sources */,
				CF5B86682980643300FE283E /* MonthFinancialView.swift in Sources */,
				CF33A543295A19FD0007ADE1 /* AppointmentDetailView.swift in Sources */,
				CF1A01C12968D3E000472A68 /* Locale+24Hour.swift in Sources */,
				CF1A01DA2968D3E000472A68 /* DayView.swift in Sources */,
				CF1A01D72968D3E000472A68 /* EventResizeHandleDotView.swift in Sources */,
				CFF78DDB295F570000493FB3 /* PaymentType.swift in Sources */,
				CF33A540295376D70007ADE1 /* AppointmentsDayTimelineBridgeView.swift in Sources */,
				CF1A01C62968D3E000472A68 /* UIColor+SystemColors.swift in Sources */,
				CF1A01DE2968D3E000472A68 /* SwipeLabelView.swift in Sources */,
				CF1A01CA2968D3E000472A68 /* Event.swift in Sources */,
				CF1A01D82968D3E000472A68 /* DayViewState.swift in Sources */,
			);
			runOnlyForDeploymentPostprocessing = 0;
		};
		CFFE16C5292D03A60030DD1D /* Sources */ = {
			isa = PBXSourcesBuildPhase;
			buildActionMask = 2147483647;
			files = (
				CFFE16CE292D03A60030DD1D /* BeauttieeTests.swift in Sources */,
			);
			runOnlyForDeploymentPostprocessing = 0;
		};
		CFFE16CF292D03A60030DD1D /* Sources */ = {
			isa = PBXSourcesBuildPhase;
			buildActionMask = 2147483647;
			files = (
				CFFE16D8292D03A60030DD1D /* BeauttieeUITests.swift in Sources */,
				CFFE16DA292D03A60030DD1D /* BeauttieeUITestsLaunchTests.swift in Sources */,
			);
			runOnlyForDeploymentPostprocessing = 0;
		};
/* End PBXSourcesBuildPhase section */

/* Begin PBXTargetDependency section */
		CFFE16CB292D03A60030DD1D /* PBXTargetDependency */ = {
			isa = PBXTargetDependency;
			target = CFFE16B3292D03A50030DD1D /* Beauttiee */;
			targetProxy = CFFE16CA292D03A60030DD1D /* PBXContainerItemProxy */;
		};
		CFFE16D5292D03A60030DD1D /* PBXTargetDependency */ = {
			isa = PBXTargetDependency;
			target = CFFE16B3292D03A50030DD1D /* Beauttiee */;
			targetProxy = CFFE16D4292D03A60030DD1D /* PBXContainerItemProxy */;
		};
/* End PBXTargetDependency section */

/* Begin PBXVariantGroup section */
		CF1A016F2968D3E000472A68 /* Localizable.strings */ = {
			isa = PBXVariantGroup;
			children = (
				CF1A01702968D3E000472A68 /* de */,
				CF1A01712968D3E000472A68 /* he */,
				CF1A01722968D3E000472A68 /* en_AU */,
				CF1A01732968D3E000472A68 /* ar */,
				CF1A01742968D3E000472A68 /* el */,
				CF1A01752968D3E000472A68 /* zh-Hans */,
				CF1A01762968D3E000472A68 /* ja */,
				CF1A01772968D3E000472A68 /* zh-TW */,
				CF1A01782968D3E000472A68 /* en */,
				CF1A01792968D3E000472A68 /* uk */,
				CF1A017A2968D3E000472A68 /* zh-HK */,
				CF1A017B2968D3E000472A68 /* es_419 */,
				CF1A017C2968D3E000472A68 /* es */,
				CF1A017D2968D3E000472A68 /* pt_BR */,
				CF1A017E2968D3E000472A68 /* da */,
				CF1A017F2968D3E000472A68 /* it */,
				CF1A01802968D3E000472A68 /* sk */,
				CF1A01812968D3E000472A68 /* pt_PT */,
				CF1A01822968D3E000472A68 /* ms */,
				CF1A01832968D3E000472A68 /* sv */,
				CF1A01842968D3E000472A68 /* cs */,
				CF1A01852968D3E000472A68 /* ko */,
				CF1A01862968D3E000472A68 /* zh-Hant */,
				CF1A01872968D3E000472A68 /* no */,
				CF1A01882968D3E000472A68 /* hu */,
				CF1A01892968D3E000472A68 /* tr */,
				CF1A018A2968D3E000472A68 /* pl */,
				CF1A018B2968D3E000472A68 /* en_GB */,
				CF1A018C2968D3E000472A68 /* vi */,
				CF1A018D2968D3E000472A68 /* ru */,
				CF1A018E2968D3E000472A68 /* zh-CN */,
				CF1A018F2968D3E000472A68 /* fr_CA */,
				CF1A01902968D3E000472A68 /* fr */,
				CF1A01912968D3E000472A68 /* fi */,
				CF1A01922968D3E000472A68 /* id */,
				CF1A01932968D3E000472A68 /* nl */,
				CF1A01942968D3E000472A68 /* th */,
				CF1A01952968D3E000472A68 /* ro */,
				CF1A01962968D3E000472A68 /* hr */,
				CF1A01972968D3E000472A68 /* hi */,
				CF1A01982968D3E000472A68 /* ca */,
			);
			name = Localizable.strings;
			sourceTree = "<group>";
		};
/* End PBXVariantGroup section */

/* Begin XCBuildConfiguration section */
		CFFE16DB292D03A60030DD1D /* Debug */ = {
			isa = XCBuildConfiguration;
			buildSettings = {
				ALWAYS_SEARCH_USER_PATHS = NO;
				CLANG_ANALYZER_NONNULL = YES;
				CLANG_ANALYZER_NUMBER_OBJECT_CONVERSION = YES_AGGRESSIVE;
				CLANG_CXX_LANGUAGE_STANDARD = "gnu++20";
				CLANG_ENABLE_MODULES = YES;
				CLANG_ENABLE_OBJC_ARC = YES;
				CLANG_ENABLE_OBJC_WEAK = YES;
				CLANG_WARN_BLOCK_CAPTURE_AUTORELEASING = YES;
				CLANG_WARN_BOOL_CONVERSION = YES;
				CLANG_WARN_COMMA = YES;
				CLANG_WARN_CONSTANT_CONVERSION = YES;
				CLANG_WARN_DEPRECATED_OBJC_IMPLEMENTATIONS = YES;
				CLANG_WARN_DIRECT_OBJC_ISA_USAGE = YES_ERROR;
				CLANG_WARN_DOCUMENTATION_COMMENTS = YES;
				CLANG_WARN_EMPTY_BODY = YES;
				CLANG_WARN_ENUM_CONVERSION = YES;
				CLANG_WARN_INFINITE_RECURSION = YES;
				CLANG_WARN_INT_CONVERSION = YES;
				CLANG_WARN_NON_LITERAL_NULL_CONVERSION = YES;
				CLANG_WARN_OBJC_IMPLICIT_RETAIN_SELF = YES;
				CLANG_WARN_OBJC_LITERAL_CONVERSION = YES;
				CLANG_WARN_OBJC_ROOT_CLASS = YES_ERROR;
				CLANG_WARN_QUOTED_INCLUDE_IN_FRAMEWORK_HEADER = YES;
				CLANG_WARN_RANGE_LOOP_ANALYSIS = YES;
				CLANG_WARN_STRICT_PROTOTYPES = YES;
				CLANG_WARN_SUSPICIOUS_MOVE = YES;
				CLANG_WARN_UNGUARDED_AVAILABILITY = YES_AGGRESSIVE;
				CLANG_WARN_UNREACHABLE_CODE = YES;
				CLANG_WARN__DUPLICATE_METHOD_MATCH = YES;
				COPY_PHASE_STRIP = NO;
				DEBUG_INFORMATION_FORMAT = dwarf;
				ENABLE_STRICT_OBJC_MSGSEND = YES;
				ENABLE_TESTABILITY = YES;
				GCC_C_LANGUAGE_STANDARD = gnu11;
				GCC_DYNAMIC_NO_PIC = NO;
				GCC_NO_COMMON_BLOCKS = YES;
				GCC_OPTIMIZATION_LEVEL = 0;
				GCC_PREPROCESSOR_DEFINITIONS = (
					"DEBUG=1",
					"$(inherited)",
				);
				GCC_WARN_64_TO_32_BIT_CONVERSION = YES;
				GCC_WARN_ABOUT_RETURN_TYPE = YES_ERROR;
				GCC_WARN_UNDECLARED_SELECTOR = YES;
				GCC_WARN_UNINITIALIZED_AUTOS = YES_AGGRESSIVE;
				GCC_WARN_UNUSED_FUNCTION = YES;
				GCC_WARN_UNUSED_VARIABLE = YES;
				IPHONEOS_DEPLOYMENT_TARGET = 16.0;
				MTL_ENABLE_DEBUG_INFO = INCLUDE_SOURCE;
				MTL_FAST_MATH = YES;
				ONLY_ACTIVE_ARCH = YES;
				SDKROOT = iphoneos;
				SWIFT_ACTIVE_COMPILATION_CONDITIONS = DEBUG;
				SWIFT_OPTIMIZATION_LEVEL = "-Onone";
			};
			name = Debug;
		};
		CFFE16DC292D03A60030DD1D /* Release */ = {
			isa = XCBuildConfiguration;
			buildSettings = {
				ALWAYS_SEARCH_USER_PATHS = NO;
				CLANG_ANALYZER_NONNULL = YES;
				CLANG_ANALYZER_NUMBER_OBJECT_CONVERSION = YES_AGGRESSIVE;
				CLANG_CXX_LANGUAGE_STANDARD = "gnu++20";
				CLANG_ENABLE_MODULES = YES;
				CLANG_ENABLE_OBJC_ARC = YES;
				CLANG_ENABLE_OBJC_WEAK = YES;
				CLANG_WARN_BLOCK_CAPTURE_AUTORELEASING = YES;
				CLANG_WARN_BOOL_CONVERSION = YES;
				CLANG_WARN_COMMA = YES;
				CLANG_WARN_CONSTANT_CONVERSION = YES;
				CLANG_WARN_DEPRECATED_OBJC_IMPLEMENTATIONS = YES;
				CLANG_WARN_DIRECT_OBJC_ISA_USAGE = YES_ERROR;
				CLANG_WARN_DOCUMENTATION_COMMENTS = YES;
				CLANG_WARN_EMPTY_BODY = YES;
				CLANG_WARN_ENUM_CONVERSION = YES;
				CLANG_WARN_INFINITE_RECURSION = YES;
				CLANG_WARN_INT_CONVERSION = YES;
				CLANG_WARN_NON_LITERAL_NULL_CONVERSION = YES;
				CLANG_WARN_OBJC_IMPLICIT_RETAIN_SELF = YES;
				CLANG_WARN_OBJC_LITERAL_CONVERSION = YES;
				CLANG_WARN_OBJC_ROOT_CLASS = YES_ERROR;
				CLANG_WARN_QUOTED_INCLUDE_IN_FRAMEWORK_HEADER = YES;
				CLANG_WARN_RANGE_LOOP_ANALYSIS = YES;
				CLANG_WARN_STRICT_PROTOTYPES = YES;
				CLANG_WARN_SUSPICIOUS_MOVE = YES;
				CLANG_WARN_UNGUARDED_AVAILABILITY = YES_AGGRESSIVE;
				CLANG_WARN_UNREACHABLE_CODE = YES;
				CLANG_WARN__DUPLICATE_METHOD_MATCH = YES;
				COPY_PHASE_STRIP = NO;
				DEBUG_INFORMATION_FORMAT = "dwarf-with-dsym";
				ENABLE_NS_ASSERTIONS = NO;
				ENABLE_STRICT_OBJC_MSGSEND = YES;
				GCC_C_LANGUAGE_STANDARD = gnu11;
				GCC_NO_COMMON_BLOCKS = YES;
				GCC_WARN_64_TO_32_BIT_CONVERSION = YES;
				GCC_WARN_ABOUT_RETURN_TYPE = YES_ERROR;
				GCC_WARN_UNDECLARED_SELECTOR = YES;
				GCC_WARN_UNINITIALIZED_AUTOS = YES_AGGRESSIVE;
				GCC_WARN_UNUSED_FUNCTION = YES;
				GCC_WARN_UNUSED_VARIABLE = YES;
				IPHONEOS_DEPLOYMENT_TARGET = 16.0;
				MTL_ENABLE_DEBUG_INFO = NO;
				MTL_FAST_MATH = YES;
				SDKROOT = iphoneos;
				SWIFT_COMPILATION_MODE = wholemodule;
				SWIFT_OPTIMIZATION_LEVEL = "-O";
				VALIDATE_PRODUCT = YES;
			};
			name = Release;
		};
		CFFE16DE292D03A60030DD1D /* Debug */ = {
			isa = XCBuildConfiguration;
			buildSettings = {
				ASSETCATALOG_COMPILER_APPICON_NAME = AppIcon;
				ASSETCATALOG_COMPILER_GLOBAL_ACCENT_COLOR_NAME = AccentColor;
				ASSETCATALOG_COMPILER_INCLUDE_ALL_APPICON_ASSETS = YES;
				CODE_SIGN_STYLE = Automatic;
				CURRENT_PROJECT_VERSION = 1;
				DEVELOPMENT_ASSET_PATHS = "\"Beauttiee/Preview Content\"";
				DEVELOPMENT_TEAM = 4ZL94F555A;
				ENABLE_PREVIEWS = YES;
				GENERATE_INFOPLIST_FILE = YES;
				INFOPLIST_FILE = Beauttiee/Info.plist;
				INFOPLIST_KEY_CFBundleDisplayName = "Kelly Beauty";
				INFOPLIST_KEY_UIApplicationSceneManifest_Generation = YES;
				INFOPLIST_KEY_UIApplicationSupportsIndirectInputEvents = YES;
				INFOPLIST_KEY_UILaunchStoryboardName = "Launch Screen.storyboard";
				INFOPLIST_KEY_UIStatusBarStyle = "";
				INFOPLIST_KEY_UISupportedInterfaceOrientations = UIInterfaceOrientationPortrait;
				IPHONEOS_DEPLOYMENT_TARGET = 16.0;
				LD_RUNPATH_SEARCH_PATHS = (
					"$(inherited)",
					"@executable_path/Frameworks",
				);
				MARKETING_VERSION = 1.0;
				PRODUCT_BUNDLE_IDENTIFIER = br.com.Beauttiee;
				PRODUCT_NAME = "$(TARGET_NAME)";
				SUPPORTED_PLATFORMS = "iphoneos iphonesimulator";
				SUPPORTS_MACCATALYST = NO;
				SUPPORTS_MAC_DESIGNED_FOR_IPHONE_IPAD = NO;
				SWIFT_EMIT_LOC_STRINGS = YES;
				SWIFT_VERSION = 5.0;
				TARGETED_DEVICE_FAMILY = "1,2";
			};
			name = Debug;
		};
		CFFE16DF292D03A60030DD1D /* Release */ = {
			isa = XCBuildConfiguration;
			buildSettings = {
				ASSETCATALOG_COMPILER_APPICON_NAME = AppIcon;
				ASSETCATALOG_COMPILER_GLOBAL_ACCENT_COLOR_NAME = AccentColor;
				ASSETCATALOG_COMPILER_INCLUDE_ALL_APPICON_ASSETS = YES;
				CODE_SIGN_STYLE = Automatic;
				CURRENT_PROJECT_VERSION = 1;
				DEVELOPMENT_ASSET_PATHS = "\"Beauttiee/Preview Content\"";
				DEVELOPMENT_TEAM = 4ZL94F555A;
				ENABLE_PREVIEWS = YES;
				GENERATE_INFOPLIST_FILE = YES;
				INFOPLIST_FILE = Beauttiee/Info.plist;
				INFOPLIST_KEY_CFBundleDisplayName = "Kelly Beauty";
				INFOPLIST_KEY_UIApplicationSceneManifest_Generation = YES;
				INFOPLIST_KEY_UIApplicationSupportsIndirectInputEvents = YES;
				INFOPLIST_KEY_UILaunchStoryboardName = "Launch Screen.storyboard";
				INFOPLIST_KEY_UIStatusBarStyle = "";
				INFOPLIST_KEY_UISupportedInterfaceOrientations = UIInterfaceOrientationPortrait;
				IPHONEOS_DEPLOYMENT_TARGET = 16.0;
				LD_RUNPATH_SEARCH_PATHS = (
					"$(inherited)",
					"@executable_path/Frameworks",
				);
				MARKETING_VERSION = 1.0;
				PRODUCT_BUNDLE_IDENTIFIER = br.com.Beauttiee;
				PRODUCT_NAME = "$(TARGET_NAME)";
				SUPPORTED_PLATFORMS = "iphoneos iphonesimulator";
				SUPPORTS_MACCATALYST = NO;
				SUPPORTS_MAC_DESIGNED_FOR_IPHONE_IPAD = NO;
				SWIFT_EMIT_LOC_STRINGS = YES;
				SWIFT_VERSION = 5.0;
				TARGETED_DEVICE_FAMILY = "1,2";
			};
			name = Release;
		};
		CFFE16E1292D03A60030DD1D /* Debug */ = {
			isa = XCBuildConfiguration;
			buildSettings = {
				ALWAYS_EMBED_SWIFT_STANDARD_LIBRARIES = YES;
				BUNDLE_LOADER = "$(TEST_HOST)";
				CODE_SIGN_STYLE = Automatic;
				CURRENT_PROJECT_VERSION = 1;
				DEVELOPMENT_TEAM = 4ZL94F555A;
				GENERATE_INFOPLIST_FILE = YES;
				IPHONEOS_DEPLOYMENT_TARGET = 16.0;
				MARKETING_VERSION = 1.0;
				PRODUCT_BUNDLE_IDENTIFIER = br.com.BeauttieeTests;
				PRODUCT_NAME = "$(TARGET_NAME)";
				SWIFT_EMIT_LOC_STRINGS = NO;
				SWIFT_VERSION = 5.0;
				TARGETED_DEVICE_FAMILY = "1,2";
				TEST_HOST = "$(BUILT_PRODUCTS_DIR)/Beauttiee.app/$(BUNDLE_EXECUTABLE_FOLDER_PATH)/Beauttiee";
			};
			name = Debug;
		};
		CFFE16E2292D03A60030DD1D /* Release */ = {
			isa = XCBuildConfiguration;
			buildSettings = {
				ALWAYS_EMBED_SWIFT_STANDARD_LIBRARIES = YES;
				BUNDLE_LOADER = "$(TEST_HOST)";
				CODE_SIGN_STYLE = Automatic;
				CURRENT_PROJECT_VERSION = 1;
				DEVELOPMENT_TEAM = 4ZL94F555A;
				GENERATE_INFOPLIST_FILE = YES;
				IPHONEOS_DEPLOYMENT_TARGET = 16.0;
				MARKETING_VERSION = 1.0;
				PRODUCT_BUNDLE_IDENTIFIER = br.com.BeauttieeTests;
				PRODUCT_NAME = "$(TARGET_NAME)";
				SWIFT_EMIT_LOC_STRINGS = NO;
				SWIFT_VERSION = 5.0;
				TARGETED_DEVICE_FAMILY = "1,2";
				TEST_HOST = "$(BUILT_PRODUCTS_DIR)/Beauttiee.app/$(BUNDLE_EXECUTABLE_FOLDER_PATH)/Beauttiee";
			};
			name = Release;
		};
		CFFE16E4292D03A60030DD1D /* Debug */ = {
			isa = XCBuildConfiguration;
			buildSettings = {
				ALWAYS_EMBED_SWIFT_STANDARD_LIBRARIES = YES;
				CODE_SIGN_STYLE = Automatic;
				CURRENT_PROJECT_VERSION = 1;
				DEVELOPMENT_TEAM = 4ZL94F555A;
				GENERATE_INFOPLIST_FILE = YES;
				MARKETING_VERSION = 1.0;
				PRODUCT_BUNDLE_IDENTIFIER = br.com.BeauttieeUITests;
				PRODUCT_NAME = "$(TARGET_NAME)";
				SWIFT_EMIT_LOC_STRINGS = NO;
				SWIFT_VERSION = 5.0;
				TARGETED_DEVICE_FAMILY = "1,2";
				TEST_TARGET_NAME = Beauttiee;
			};
			name = Debug;
		};
		CFFE16E5292D03A60030DD1D /* Release */ = {
			isa = XCBuildConfiguration;
			buildSettings = {
				ALWAYS_EMBED_SWIFT_STANDARD_LIBRARIES = YES;
				CODE_SIGN_STYLE = Automatic;
				CURRENT_PROJECT_VERSION = 1;
				DEVELOPMENT_TEAM = 4ZL94F555A;
				GENERATE_INFOPLIST_FILE = YES;
				MARKETING_VERSION = 1.0;
				PRODUCT_BUNDLE_IDENTIFIER = br.com.BeauttieeUITests;
				PRODUCT_NAME = "$(TARGET_NAME)";
				SWIFT_EMIT_LOC_STRINGS = NO;
				SWIFT_VERSION = 5.0;
				TARGETED_DEVICE_FAMILY = "1,2";
				TEST_TARGET_NAME = Beauttiee;
			};
			name = Release;
		};
/* End XCBuildConfiguration section */

/* Begin XCConfigurationList section */
		CFFE16AF292D03A50030DD1D /* Build configuration list for PBXProject "Beauttiee" */ = {
			isa = XCConfigurationList;
			buildConfigurations = (
				CFFE16DB292D03A60030DD1D /* Debug */,
				CFFE16DC292D03A60030DD1D /* Release */,
			);
			defaultConfigurationIsVisible = 0;
			defaultConfigurationName = Release;
		};
		CFFE16DD292D03A60030DD1D /* Build configuration list for PBXNativeTarget "Beauttiee" */ = {
			isa = XCConfigurationList;
			buildConfigurations = (
				CFFE16DE292D03A60030DD1D /* Debug */,
				CFFE16DF292D03A60030DD1D /* Release */,
			);
			defaultConfigurationIsVisible = 0;
			defaultConfigurationName = Release;
		};
		CFFE16E0292D03A60030DD1D /* Build configuration list for PBXNativeTarget "BeauttieeTests" */ = {
			isa = XCConfigurationList;
			buildConfigurations = (
				CFFE16E1292D03A60030DD1D /* Debug */,
				CFFE16E2292D03A60030DD1D /* Release */,
			);
			defaultConfigurationIsVisible = 0;
			defaultConfigurationName = Release;
		};
		CFFE16E3292D03A60030DD1D /* Build configuration list for PBXNativeTarget "BeauttieeUITests" */ = {
			isa = XCConfigurationList;
			buildConfigurations = (
				CFFE16E4292D03A60030DD1D /* Debug */,
				CFFE16E5292D03A60030DD1D /* Release */,
			);
			defaultConfigurationIsVisible = 0;
			defaultConfigurationName = Release;
		};
/* End XCConfigurationList section */

/* Begin XCRemoteSwiftPackageReference section */
		CF33A52F294A3BBD0007ADE1 /* XCRemoteSwiftPackageReference "CurrencyText" */ = {
			isa = XCRemoteSwiftPackageReference;
			repositoryURL = "https://github.com/marinofelipe/CurrencyText.git";
			requirement = {
				kind = upToNextMajorVersion;
				minimumVersion = 3.0.0;
			};
		};
		CF5B8662297B086D00FE283E /* XCRemoteSwiftPackageReference "SwiftPieChart" */ = {
			isa = XCRemoteSwiftPackageReference;
			repositoryURL = "https://github.com/ilamanov/SwiftPieChart";
			requirement = {
				kind = upToNextMajorVersion;
				minimumVersion = 1.0.0;
			};
		};
/* End XCRemoteSwiftPackageReference section */

/* Begin XCSwiftPackageProductDependency section */
		CF33A530294A3BBD0007ADE1 /* CurrencyFormatter */ = {
			isa = XCSwiftPackageProductDependency;
			package = CF33A52F294A3BBD0007ADE1 /* XCRemoteSwiftPackageReference "CurrencyText" */;
			productName = CurrencyFormatter;
		};
		CF33A532294A3BBD0007ADE1 /* CurrencyText */ = {
			isa = XCSwiftPackageProductDependency;
			package = CF33A52F294A3BBD0007ADE1 /* XCRemoteSwiftPackageReference "CurrencyText" */;
			productName = CurrencyText;
		};
		CF33A534294A3BBD0007ADE1 /* CurrencyTextSwiftUI */ = {
			isa = XCSwiftPackageProductDependency;
			package = CF33A52F294A3BBD0007ADE1 /* XCRemoteSwiftPackageReference "CurrencyText" */;
			productName = CurrencyTextSwiftUI;
		};
		CF5B8663297B086D00FE283E /* SwiftPieChart */ = {
			isa = XCSwiftPackageProductDependency;
			package = CF5B8662297B086D00FE283E /* XCRemoteSwiftPackageReference "SwiftPieChart" */;
			productName = SwiftPieChart;
		};
/* End XCSwiftPackageProductDependency section */

/* Begin XCVersionGroup section */
		CFFE16C2292D03A50030DD1D /* Beauttiee.xcdatamodeld */ = {
			isa = XCVersionGroup;
			children = (
				CFFE16C3292D03A50030DD1D /* Beauttiee.xcdatamodel */,
			);
			currentVersion = CFFE16C3292D03A50030DD1D /* Beauttiee.xcdatamodel */;
			path = Beauttiee.xcdatamodeld;
			sourceTree = "<group>";
			versionGroupType = wrapper.xcdatamodel;
		};
/* End XCVersionGroup section */
	};
	rootObject = CFFE16AC292D03A50030DD1D /* Project object */;
}
